// !$*UTF8*$!
{
	archiveVersion = 1;
	classes = {
	};
	objectVersion = 56;
	objects = {

/* Begin PBXBuildFile section */
		0B60AA462BF1E03100591995 /* AppDelegate.swift in Sources */ = {isa = PBXBuildFile; fileRef = 0B60AA452BF1E03100591995 /* AppDelegate.swift */; };
		0B60AA482BF1E03100591995 /* SceneDelegate.swift in Sources */ = {isa = PBXBuildFile; fileRef = 0B60AA472BF1E03100591995 /* SceneDelegate.swift */; };
		0B60AA4A2BF1E03100591995 /* InitialViewController.swift in Sources */ = {isa = PBXBuildFile; fileRef = 0B60AA492BF1E03100591995 /* InitialViewController.swift */; };
		0B60AA4D2BF1E03100591995 /* Main.storyboard in Resources */ = {isa = PBXBuildFile; fileRef = 0B60AA4B2BF1E03100591995 /* Main.storyboard */; };
		0B60AA4F2BF1E03300591995 /* Assets.xcassets in Resources */ = {isa = PBXBuildFile; fileRef = 0B60AA4E2BF1E03300591995 /* Assets.xcassets */; };
		0B60AA522BF1E03300591995 /* LaunchScreen.storyboard in Resources */ = {isa = PBXBuildFile; fileRef = 0B60AA502BF1E03300591995 /* LaunchScreen.storyboard */; };
		0BC3BEFB2BF46786005FB541 /* FirestViewController.swift in Sources */ = {isa = PBXBuildFile; fileRef = 0BC3BEF92BF46786005FB541 /* FirestViewController.swift */; };
		0BC3BEFC2BF46786005FB541 /* FirestViewController.xib in Resources */ = {isa = PBXBuildFile; fileRef = 0BC3BEFA2BF46786005FB541 /* FirestViewController.xib */; };
		0BC3BEFF2BF467DB005FB541 /* SecondViewController.swift in Sources */ = {isa = PBXBuildFile; fileRef = 0BC3BEFD2BF467DB005FB541 /* SecondViewController.swift */; };
		0BC3BF002BF467DB005FB541 /* SecondViewController.xib in Resources */ = {isa = PBXBuildFile; fileRef = 0BC3BEFE2BF467DB005FB541 /* SecondViewController.xib */; };
		0BC3BF032BF46818005FB541 /* ThirdScreenViewController.swift in Sources */ = {isa = PBXBuildFile; fileRef = 0BC3BF012BF46818005FB541 /* ThirdScreenViewController.swift */; };
		0BC3BF042BF46818005FB541 /* ThirdScreenViewController.xib in Resources */ = {isa = PBXBuildFile; fileRef = 0BC3BF022BF46818005FB541 /* ThirdScreenViewController.xib */; };
		0BF9E5602BF3646F00198644 /* FourthViewController.swift in Sources */ = {isa = PBXBuildFile; fileRef = 0BF9E55E2BF3646F00198644 /* FourthViewController.swift */; };
		0BF9E5612BF3646F00198644 /* FourthViewController.xib in Resources */ = {isa = PBXBuildFile; fileRef = 0BF9E55F2BF3646F00198644 /* FourthViewController.xib */; };
/* End PBXBuildFile section */

/* Begin PBXFileReference section */
		0B60AA422BF1E03100591995 /* Dicee.app */ = {isa = PBXFileReference; explicitFileType = wrapper.application; includeInIndex = 0; path = Dicee.app; sourceTree = BUILT_PRODUCTS_DIR; };
		0B60AA452BF1E03100591995 /* AppDelegate.swift */ = {isa = PBXFileReference; lastKnownFileType = sourcecode.swift; path = AppDelegate.swift; sourceTree = "<group>"; };
		0B60AA472BF1E03100591995 /* SceneDelegate.swift */ = {isa = PBXFileReference; lastKnownFileType = sourcecode.swift; path = SceneDelegate.swift; sourceTree = "<group>"; };
		0B60AA492BF1E03100591995 /* InitialViewController.swift */ = {isa = PBXFileReference; lastKnownFileType = sourcecode.swift; path = InitialViewController.swift; sourceTree = "<group>"; };
		0B60AA4C2BF1E03100591995 /* Base */ = {isa = PBXFileReference; lastKnownFileType = file.storyboard; name = Base; path = Base.lproj/Main.storyboard; sourceTree = "<group>"; };
		0B60AA4E2BF1E03300591995 /* Assets.xcassets */ = {isa = PBXFileReference; lastKnownFileType = folder.assetcatalog; path = Assets.xcassets; sourceTree = "<group>"; };
		0B60AA512BF1E03300591995 /* Base */ = {isa = PBXFileReference; lastKnownFileType = file.storyboard; name = Base; path = Base.lproj/LaunchScreen.storyboard; sourceTree = "<group>"; };
		0B60AA532BF1E03300591995 /* Info.plist */ = {isa = PBXFileReference; lastKnownFileType = text.plist.xml; path = Info.plist; sourceTree = "<group>"; };
		0BC3BEF92BF46786005FB541 /* FirestViewController.swift */ = {isa = PBXFileReference; lastKnownFileType = sourcecode.swift; path = FirestViewController.swift; sourceTree = "<group>"; };
		0BC3BEFA2BF46786005FB541 /* FirestViewController.xib */ = {isa = PBXFileReference; lastKnownFileType = file.xib; path = FirestViewController.xib; sourceTree = "<group>"; };
		0BC3BEFD2BF467DB005FB541 /* SecondViewController.swift */ = {isa = PBXFileReference; lastKnownFileType = sourcecode.swift; path = SecondViewController.swift; sourceTree = "<group>"; };
		0BC3BEFE2BF467DB005FB541 /* SecondViewController.xib */ = {isa = PBXFileReference; lastKnownFileType = file.xib; path = SecondViewController.xib; sourceTree = "<group>"; };
		0BC3BF012BF46818005FB541 /* ThirdScreenViewController.swift */ = {isa = PBXFileReference; lastKnownFileType = sourcecode.swift; path = ThirdScreenViewController.swift; sourceTree = "<group>"; };
		0BC3BF022BF46818005FB541 /* ThirdScreenViewController.xib */ = {isa = PBXFileReference; lastKnownFileType = file.xib; path = ThirdScreenViewController.xib; sourceTree = "<group>"; };
		0BF9E55E2BF3646F00198644 /* FourthViewController.swift */ = {isa = PBXFileReference; lastKnownFileType = sourcecode.swift; path = FourthViewController.swift; sourceTree = "<group>"; };
		0BF9E55F2BF3646F00198644 /* FourthViewController.xib */ = {isa = PBXFileReference; lastKnownFileType = file.xib; path = FourthViewController.xib; sourceTree = "<group>"; };
/* End PBXFileReference section */

/* Begin PBXFrameworksBuildPhase section */
		0B60AA3F2BF1E03100591995 /* Frameworks */ = {
			isa = PBXFrameworksBuildPhase;
			buildActionMask = 2147483647;
			files = (
			);
			runOnlyForDeploymentPostprocessing = 0;
		};
/* End PBXFrameworksBuildPhase section */

/* Begin PBXGroup section */
		0B56C3A22BF3269800E6009E /* ApplicationFiles */ = {
			isa = PBXGroup;
			children = (
				0B60AA452BF1E03100591995 /* AppDelegate.swift */,
				0B60AA472BF1E03100591995 /* SceneDelegate.swift */,
			);
			path = ApplicationFiles;
			sourceTree = "<group>";
		};
		0B56C3A32BF326B200E6009E /* ViewControllers */ = {
			isa = PBXGroup;
			children = (
				0B60AA492BF1E03100591995 /* InitialViewController.swift */,
			);
			path = ViewControllers;
			sourceTree = "<group>";
		};
		0B60AA392BF1E03100591995 = {
			isa = PBXGroup;
			children = (
				0B60AA442BF1E03100591995 /* Dicee */,
				0B60AA432BF1E03100591995 /* Products */,
			);
			sourceTree = "<group>";
		};
		0B60AA432BF1E03100591995 /* Products */ = {
			isa = PBXGroup;
			children = (
				0B60AA422BF1E03100591995 /* Dicee.app */,
			);
			name = Products;
			sourceTree = "<group>";
		};
		0B60AA442BF1E03100591995 /* Dicee */ = {
			isa = PBXGroup;
			children = (
				0BF9E55B2BF35F4A00198644 /* XIBs */,
				0B56C3A22BF3269800E6009E /* ApplicationFiles */,
				0B56C3A32BF326B200E6009E /* ViewControllers */,
				0B60AA4B2BF1E03100591995 /* Main.storyboard */,
				0B60AA4E2BF1E03300591995 /* Assets.xcassets */,
				0B60AA502BF1E03300591995 /* LaunchScreen.storyboard */,
				0B60AA532BF1E03300591995 /* Info.plist */,
			);
			path = Dicee;
			sourceTree = "<group>";
		};
		0BC3BEF52BF466DA005FB541 /* FourthScreen */ = {
			isa = PBXGroup;
			children = (
				0BF9E55E2BF3646F00198644 /* FourthViewController.swift */,
				0BF9E55F2BF3646F00198644 /* FourthViewController.xib */,
			);
			path = FourthScreen;
			sourceTree = "<group>";
		};
		0BC3BEF62BF46707005FB541 /* FirstScreen */ = {
			isa = PBXGroup;
			children = (
				0BC3BEF92BF46786005FB541 /* FirestViewController.swift */,
				0BC3BEFA2BF46786005FB541 /* FirestViewController.xib */,
			);
			path = FirstScreen;
			sourceTree = "<group>";
		};
		0BC3BEF72BF46721005FB541 /* SecondScreen */ = {
			isa = PBXGroup;
			children = (
				0BC3BEFD2BF467DB005FB541 /* SecondViewController.swift */,
				0BC3BEFE2BF467DB005FB541 /* SecondViewController.xib */,
			);
			path = SecondScreen;
			sourceTree = "<group>";
		};
		0BC3BEF82BF46733005FB541 /* ThirdScreen */ = {
			isa = PBXGroup;
			children = (
				0BC3BF012BF46818005FB541 /* ThirdScreenViewController.swift */,
				0BC3BF022BF46818005FB541 /* ThirdScreenViewController.xib */,
			);
			path = ThirdScreen;
			sourceTree = "<group>";
		};
		0BF9E55B2BF35F4A00198644 /* XIBs */ = {
			isa = PBXGroup;
			children = (
				0BC3BEF62BF46707005FB541 /* FirstScreen */,
				0BC3BEF72BF46721005FB541 /* SecondScreen */,
				0BC3BEF82BF46733005FB541 /* ThirdScreen */,
				0BC3BEF52BF466DA005FB541 /* FourthScreen */,
			);
			path = XIBs;
			sourceTree = "<group>";
		};
/* End PBXGroup section */

/* Begin PBXNativeTarget section */
		0B60AA412BF1E03100591995 /* Dicee */ = {
			isa = PBXNativeTarget;
			buildConfigurationList = 0B60AA562BF1E03300591995 /* Build configuration list for PBXNativeTarget "Dicee" */;
			buildPhases = (
				0B60AA3E2BF1E03100591995 /* Sources */,
				0B60AA3F2BF1E03100591995 /* Frameworks */,
				0B60AA402BF1E03100591995 /* Resources */,
			);
			buildRules = (
			);
			dependencies = (
			);
			name = Dicee;
			productName = Dicee;
			productReference = 0B60AA422BF1E03100591995 /* Dicee.app */;
			productType = "com.apple.product-type.application";
		};
/* End PBXNativeTarget section */

/* Begin PBXProject section */
		0B60AA3A2BF1E03100591995 /* Project object */ = {
			isa = PBXProject;
			attributes = {
				BuildIndependentTargetsInParallel = 1;
				LastSwiftUpdateCheck = 1420;
				LastUpgradeCheck = 1420;
				TargetAttributes = {
					0B60AA412BF1E03100591995 = {
						CreatedOnToolsVersion = 14.2;
					};
				};
			};
			buildConfigurationList = 0B60AA3D2BF1E03100591995 /* Build configuration list for PBXProject "Dicee" */;
			compatibilityVersion = "Xcode 14.0";
			developmentRegion = en;
			hasScannedForEncodings = 0;
			knownRegions = (
				en,
				Base,
			);
			mainGroup = 0B60AA392BF1E03100591995;
			productRefGroup = 0B60AA432BF1E03100591995 /* Products */;
			projectDirPath = "";
			projectRoot = "";
			targets = (
				0B60AA412BF1E03100591995 /* Dicee */,
			);
		};
/* End PBXProject section */

/* Begin PBXResourcesBuildPhase section */
		0B60AA402BF1E03100591995 /* Resources */ = {
			isa = PBXResourcesBuildPhase;
			buildActionMask = 2147483647;
			files = (
				0B60AA522BF1E03300591995 /* LaunchScreen.storyboard in Resources */,
				0BC3BEFC2BF46786005FB541 /* FirestViewController.xib in Resources */,
				0BC3BF002BF467DB005FB541 /* SecondViewController.xib in Resources */,
				0B60AA4F2BF1E03300591995 /* Assets.xcassets in Resources */,
				0BC3BF042BF46818005FB541 /* ThirdScreenViewController.xib in Resources */,
				0BF9E5612BF3646F00198644 /* FourthViewController.xib in Resources */,
				0B60AA4D2BF1E03100591995 /* Main.storyboard in Resources */,
			);
			runOnlyForDeploymentPostprocessing = 0;
		};
/* End PBXResourcesBuildPhase section */

/* Begin PBXSourcesBuildPhase section */
		0B60AA3E2BF1E03100591995 /* Sources */ = {
			isa = PBXSourcesBuildPhase;
			buildActionMask = 2147483647;
			files = (
				0BC3BEFF2BF467DB005FB541 /* SecondViewController.swift in Sources */,
				0BF9E5602BF3646F00198644 /* FourthViewController.swift in Sources */,
				0BC3BF032BF46818005FB541 /* ThirdScreenViewController.swift in Sources */,
				0B60AA4A2BF1E03100591995 /* InitialViewController.swift in Sources */,
				0BC3BEFB2BF46786005FB541 /* FirestViewController.swift in Sources */,
				0B60AA462BF1E03100591995 /* AppDelegate.swift in Sources */,
				0B60AA482BF1E03100591995 /* SceneDelegate.swift in Sources */,
			);
			runOnlyForDeploymentPostprocessing = 0;
		};
/* End PBXSourcesBuildPhase section */

/* Begin PBXVariantGroup section */
		0B60AA4B2BF1E03100591995 /* Main.storyboard */ = {
			isa = PBXVariantGroup;
			children = (
				0B60AA4C2BF1E03100591995 /* Base */,
			);
			name = Main.storyboard;
			sourceTree = "<group>";
		};
		0B60AA502BF1E03300591995 /* LaunchScreen.storyboard */ = {
			isa = PBXVariantGroup;
			children = (
				0B60AA512BF1E03300591995 /* Base */,
			);
			name = LaunchScreen.storyboard;
			sourceTree = "<group>";
		};
/* End PBXVariantGroup section */

/* Begin XCBuildConfiguration section */
		0B60AA542BF1E03300591995 /* Debug */ = {
			isa = XCBuildConfiguration;
			buildSettings = {
				ALWAYS_SEARCH_USER_PATHS = NO;
				CLANG_ANALYZER_NONNULL = YES;
				CLANG_ANALYZER_NUMBER_OBJECT_CONVERSION = YES_AGGRESSIVE;
				CLANG_CXX_LANGUAGE_STANDARD = "gnu++20";
				CLANG_ENABLE_MODULES = YES;
				CLANG_ENABLE_OBJC_ARC = YES;
				CLANG_ENABLE_OBJC_WEAK = YES;
				CLANG_WARN_BLOCK_CAPTURE_AUTORELEASING = YES;
				CLANG_WARN_BOOL_CONVERSION = YES;
				CLANG_WARN_COMMA = YES;
				CLANG_WARN_CONSTANT_CONVERSION = YES;
				CLANG_WARN_DEPRECATED_OBJC_IMPLEMENTATIONS = YES;
				CLANG_WARN_DIRECT_OBJC_ISA_USAGE = YES_ERROR;
				CLANG_WARN_DOCUMENTATION_COMMENTS = YES;
				CLANG_WARN_EMPTY_BODY = YES;
				CLANG_WARN_ENUM_CONVERSION = YES;
				CLANG_WARN_INFINITE_RECURSION = YES;
				CLANG_WARN_INT_CONVERSION = YES;
				CLANG_WARN_NON_LITERAL_NULL_CONVERSION = YES;
				CLANG_WARN_OBJC_IMPLICIT_RETAIN_SELF = YES;
				CLANG_WARN_OBJC_LITERAL_CONVERSION = YES;
				CLANG_WARN_OBJC_ROOT_CLASS = YES_ERROR;
				CLANG_WARN_QUOTED_INCLUDE_IN_FRAMEWORK_HEADER = YES;
				CLANG_WARN_RANGE_LOOP_ANALYSIS = YES;
				CLANG_WARN_STRICT_PROTOTYPES = YES;
				CLANG_WARN_SUSPICIOUS_MOVE = YES;
				CLANG_WARN_UNGUARDED_AVAILABILITY = YES_AGGRESSIVE;
				CLANG_WARN_UNREACHABLE_CODE = YES;
				CLANG_WARN__DUPLICATE_METHOD_MATCH = YES;
				COPY_PHASE_STRIP = NO;
				DEBUG_INFORMATION_FORMAT = dwarf;
				ENABLE_STRICT_OBJC_MSGSEND = YES;
				ENABLE_TESTABILITY = YES;
				GCC_C_LANGUAGE_STANDARD = gnu11;
				GCC_DYNAMIC_NO_PIC = NO;
				GCC_NO_COMMON_BLOCKS = YES;
				GCC_OPTIMIZATION_LEVEL = 0;
				GCC_PREPROCESSOR_DEFINITIONS = (
					"DEBUG=1",
					"$(inherited)",
				);
				GCC_WARN_64_TO_32_BIT_CONVERSION = YES;
				GCC_WARN_ABOUT_RETURN_TYPE = YES_ERROR;
				GCC_WARN_UNDECLARED_SELECTOR = YES;
				GCC_WARN_UNINITIALIZED_AUTOS = YES_AGGRESSIVE;
				GCC_WARN_UNUSED_FUNCTION = YES;
				GCC_WARN_UNUSED_VARIABLE = YES;
				IPHONEOS_DEPLOYMENT_TARGET = 16.2;
				MTL_ENABLE_DEBUG_INFO = INCLUDE_SOURCE;
				MTL_FAST_MATH = YES;
				ONLY_ACTIVE_ARCH = YES;
				SDKROOT = iphoneos;
				SWIFT_ACTIVE_COMPILATION_CONDITIONS = DEBUG;
				SWIFT_OPTIMIZATION_LEVEL = "-Onone";
			};
			name = Debug;
		};
		0B60AA552BF1E03300591995 /* Release */ = {
			isa = XCBuildConfiguration;
			buildSettings = {
				ALWAYS_SEARCH_USER_PATHS = NO;
				CLANG_ANALYZER_NONNULL = YES;
				CLANG_ANALYZER_NUMBER_OBJECT_CONVERSION = YES_AGGRESSIVE;
				CLANG_CXX_LANGUAGE_STANDARD = "gnu++20";
				CLANG_ENABLE_MODULES = YES;
				CLANG_ENABLE_OBJC_ARC = YES;
				CLANG_ENABLE_OBJC_WEAK = YES;
				CLANG_WARN_BLOCK_CAPTURE_AUTORELEASING = YES;
				CLANG_WARN_BOOL_CONVERSION = YES;
				CLANG_WARN_COMMA = YES;
				CLANG_WARN_CONSTANT_CONVERSION = YES;
				CLANG_WARN_DEPRECATED_OBJC_IMPLEMENTATIONS = YES;
				CLANG_WARN_DIRECT_OBJC_ISA_USAGE = YES_ERROR;
				CLANG_WARN_DOCUMENTATION_COMMENTS = YES;
				CLANG_WARN_EMPTY_BODY = YES;
				CLANG_WARN_ENUM_CONVERSION = YES;
				CLANG_WARN_INFINITE_RECURSION = YES;
				CLANG_WARN_INT_CONVERSION = YES;
				CLANG_WARN_NON_LITERAL_NULL_CONVERSION = YES;
				CLANG_WARN_OBJC_IMPLICIT_RETAIN_SELF = YES;
				CLANG_WARN_OBJC_LITERAL_CONVERSION = YES;
				CLANG_WARN_OBJC_ROOT_CLASS = YES_ERROR;
				CLANG_WARN_QUOTED_INCLUDE_IN_FRAMEWORK_HEADER = YES;
				CLANG_WARN_RANGE_LOOP_ANALYSIS = YES;
				CLANG_WARN_STRICT_PROTOTYPES = YES;
				CLANG_WARN_SUSPICIOUS_MOVE = YES;
				CLANG_WARN_UNGUARDED_AVAILABILITY = YES_AGGRESSIVE;
				CLANG_WARN_UNREACHABLE_CODE = YES;
				CLANG_WARN__DUPLICATE_METHOD_MATCH = YES;
				COPY_PHASE_STRIP = NO;
				DEBUG_INFORMATION_FORMAT = "dwarf-with-dsym";
				ENABLE_NS_ASSERTIONS = NO;
				ENABLE_STRICT_OBJC_MSGSEND = YES;
				GCC_C_LANGUAGE_STANDARD = gnu11;
				GCC_NO_COMMON_BLOCKS = YES;
				GCC_WARN_64_TO_32_BIT_CONVERSION = YES;
				GCC_WARN_ABOUT_RETURN_TYPE = YES_ERROR;
				GCC_WARN_UNDECLARED_SELECTOR = YES;
				GCC_WARN_UNINITIALIZED_AUTOS = YES_AGGRESSIVE;
				GCC_WARN_UNUSED_FUNCTION = YES;
				GCC_WARN_UNUSED_VARIABLE = YES;
				IPHONEOS_DEPLOYMENT_TARGET = 16.2;
				MTL_ENABLE_DEBUG_INFO = NO;
				MTL_FAST_MATH = YES;
				SDKROOT = iphoneos;
				SWIFT_COMPILATION_MODE = wholemodule;
				SWIFT_OPTIMIZATION_LEVEL = "-O";
				VALIDATE_PRODUCT = YES;
			};
			name = Release;
		};
		0B60AA572BF1E03300591995 /* Debug */ = {
			isa = XCBuildConfiguration;
			buildSettings = {
				ASSETCATALOG_COMPILER_APPICON_NAME = AppIcon;
				ASSETCATALOG_COMPILER_GLOBAL_ACCENT_COLOR_NAME = AccentColor;
				CODE_SIGN_STYLE = Automatic;
				CURRENT_PROJECT_VERSION = 1;
				GENERATE_INFOPLIST_FILE = YES;
				INFOPLIST_FILE = Dicee/Info.plist;
				INFOPLIST_KEY_UIApplicationSupportsIndirectInputEvents = YES;
				INFOPLIST_KEY_UILaunchStoryboardName = LaunchScreen;
				INFOPLIST_KEY_UIMainStoryboardFile = Main;
				INFOPLIST_KEY_UISupportedInterfaceOrientations_iPad = "UIInterfaceOrientationPortrait UIInterfaceOrientationPortraitUpsideDown UIInterfaceOrientationLandscapeLeft UIInterfaceOrientationLandscapeRight";
				INFOPLIST_KEY_UISupportedInterfaceOrientations_iPhone = "UIInterfaceOrientationPortrait UIInterfaceOrientationLandscapeLeft UIInterfaceOrientationLandscapeRight";
				LD_RUNPATH_SEARCH_PATHS = (
					"$(inherited)",
					"@executable_path/Frameworks",
				);
				MARKETING_VERSION = 1.0;
				PRODUCT_BUNDLE_IDENTIFIER = com.softmonks.Dicee;
				PRODUCT_NAME = "$(TARGET_NAME)";
				SWIFT_EMIT_LOC_STRINGS = YES;
				SWIFT_VERSION = 5.0;
				TARGETED_DEVICE_FAMILY = "1,2";
			};
			name = Debug;
		};
		0B60AA582BF1E03300591995 /* Release */ = {
			isa = XCBuildConfiguration;
			buildSettings = {
				ASSETCATALOG_COMPILER_APPICON_NAME = AppIcon;
				ASSETCATALOG_COMPILER_GLOBAL_ACCENT_COLOR_NAME = AccentColor;
				CODE_SIGN_STYLE = Automatic;
				CURRENT_PROJECT_VERSION = 1;
				GENERATE_INFOPLIST_FILE = YES;
				INFOPLIST_FILE = Dicee/Info.plist;
				INFOPLIST_KEY_UIApplicationSupportsIndirectInputEvents = YES;
				INFOPLIST_KEY_UILaunchStoryboardName = LaunchScreen;
				INFOPLIST_KEY_UIMainStoryboardFile = Main;
				INFOPLIST_KEY_UISupportedInterfaceOrientations_iPad = "UIInterfaceOrientationPortrait UIInterfaceOrientationPortraitUpsideDown UIInterfaceOrientationLandscapeLeft UIInterfaceOrientationLandscapeRight";
				INFOPLIST_KEY_UISupportedInterfaceOrientations_iPhone = "UIInterfaceOrientationPortrait UIInterfaceOrientationLandscapeLeft UIInterfaceOrientationLandscapeRight";
				LD_RUNPATH_SEARCH_PATHS = (
					"$(inherited)",
					"@executable_path/Frameworks",
				);
				MARKETING_VERSION = 1.0;
				PRODUCT_BUNDLE_IDENTIFIER = com.softmonks.Dicee;
				PRODUCT_NAME = "$(TARGET_NAME)";
				SWIFT_EMIT_LOC_STRINGS = YES;
				SWIFT_VERSION = 5.0;
				TARGETED_DEVICE_FAMILY = "1,2";
			};
			name = Release;
		};
/* End XCBuildConfiguration section */

/* Begin XCConfigurationList section */
		0B60AA3D2BF1E03100591995 /* Build configuration list for PBXProject "Dicee" */ = {
			isa = XCConfigurationList;
			buildConfigurations = (
				0B60AA542BF1E03300591995 /* Debug */,
				0B60AA552BF1E03300591995 /* Release */,
			);
			defaultConfigurationIsVisible = 0;
			defaultConfigurationName = Release;
		};
		0B60AA562BF1E03300591995 /* Build configuration list for PBXNativeTarget "Dicee" */ = {
			isa = XCConfigurationList;
			buildConfigurations = (
				0B60AA572BF1E03300591995 /* Debug */,
				0B60AA582BF1E03300591995 /* Release */,
			);
			defaultConfigurationIsVisible = 0;
			defaultConfigurationName = Release;
		};
/* End XCConfigurationList section */
	};
	rootObject = 0B60AA3A2BF1E03100591995 /* Project object */;
}
